
Microsoft Visual Studio Solution File, Format Version 12.00
# Visual Studio Version 17
VisualStudioVersion = 17.8.34212.112
MinimumVisualStudioVersion = 10.0.40219.1
Project("{FAE04EC0-301F-11D3-BF4B-00C04F79EFBC}") = "RPG", "RPG\RPG.csproj", "{0556516F-1F8C-4EC2-8AE0-462F357838FE}"
EndProject
Global
	GlobalSection(SolutionConfigurationPlatforms) = preSolution
		Debug|Any CPU = Debug|Any CPU
		Release|Any CPU = Release|Any CPU
	EndGlobalSection
	GlobalSection(ProjectConfigurationPlatforms) = postSolution
		{0556516F-1F8C-4EC2-8AE0-462F357838FE}.Debug|Any CPU.ActiveCfg = Debug|Any CPU
		{0556516F-1F8C-4EC2-8AE0-462F357838FE}.Debug|Any CPU.Build.0 = Debug|Any CPU
		{0556516F-1F8C-4EC2-8AE0-462F357838FE}.Release|Any CPU.ActiveCfg = Release|Any CPU
		{0556516F-1F8C-4EC2-8AE0-462F357838FE}.Release|Any CPU.Build.0 = Release|Any CPU
	EndGlobalSection
	GlobalSection(SolutionProperties) = preSolution
		HideSolutionNode = FALSE
	EndGlobalSection
	GlobalSection(ExtensibilityGlobals) = postSolution
		SolutionGuid = {2ABB66D2-1644-4BFD-AA36-864690FEB602}
	EndGlobalSection
EndGlobal
